
Microsoft Visual Studio Solution File, Format Version 12.00
# Visual Studio Version 16
VisualStudioVersion = 16.0.30002.166
MinimumVisualStudioVersion = 10.0.40219.1
Project("{FAE04EC0-301F-11D3-BF4B-00C04F79EFBC}") = "CmsShoppingCart", "CmsShoppingCart.csproj", "{2535DF75-13DE-4129-B9C2-4FE580A36A5D}"
EndProject
Global
	GlobalSection(SolutionConfigurationPlatforms) = preSolution
		Debug|Any CPU = Debug|Any CPU
		Release|Any CPU = Release|Any CPU
	EndGlobalSection
	GlobalSection(ProjectConfigurationPlatforms) = postSolution
		{2535DF75-13DE-4129-B9C2-4FE580A36A5D}.Debug|Any CPU.ActiveCfg = Debug|Any CPU
		{2535DF75-13DE-4129-B9C2-4FE580A36A5D}.Debug|Any CPU.Build.0 = Debug|Any CPU
		{2535DF75-13DE-4129-B9C2-4FE580A36A5D}.Release|Any CPU.ActiveCfg = Release|Any CPU
		{2535DF75-13DE-4129-B9C2-4FE580A36A5D}.Release|Any CPU.Build.0 = Release|Any CPU
	EndGlobalSection
	GlobalSection(SolutionProperties) = preSolution
		HideSolutionNode = FALSE
	EndGlobalSection
	GlobalSection(ExtensibilityGlobals) = postSolution
		SolutionGuid = {AE13CCBF-83A4-4474-8982-F3643C5786F0}
	EndGlobalSection
EndGlobal
